// !$*UTF8*$!
{
	archiveVersion = 1;
	classes = {
	};
	objectVersion = 46;
	objects = {

/* Begin PBXBuildFile section */
		184400731E64A81800D13136 /* DataCollector.swift in Sources */ = {isa = PBXBuildFile; fileRef = 184400721E64A81800D13136 /* DataCollector.swift */; };
		184400751E64A82F00D13136 /* DataStorage.swift in Sources */ = {isa = PBXBuildFile; fileRef = 184400741E64A82F00D13136 /* DataStorage.swift */; };
		184400791E64AA2B00D13136 /* DataChunk.swift in Sources */ = {isa = PBXBuildFile; fileRef = 184400781E64AA2B00D13136 /* DataChunk.swift */; };
		1844007B1E64AA4A00D13136 /* ComradeSpec.swift in Sources */ = {isa = PBXBuildFile; fileRef = 1844007A1E64AA4A00D13136 /* ComradeSpec.swift */; };
		1844007D1E64AB1000D13136 /* TestDataCollector.swift in Sources */ = {isa = PBXBuildFile; fileRef = 1844007C1E64AB1000D13136 /* TestDataCollector.swift */; };
		1844007F1E64AB1C00D13136 /* TestDataStorage.swift in Sources */ = {isa = PBXBuildFile; fileRef = 1844007E1E64AB1C00D13136 /* TestDataStorage.swift */; };
		184400811E64AB6100D13136 /* TestDataChunk.swift in Sources */ = {isa = PBXBuildFile; fileRef = 184400801E64AB6100D13136 /* TestDataChunk.swift */; };
		184400831E64C4F000D13136 /* ComradeClojure.swift in Sources */ = {isa = PBXBuildFile; fileRef = 184400821E64C4F000D13136 /* ComradeClojure.swift */; };
		1877D7451E62E9A4001E8E11 /* Comrade.framework in Frameworks */ = {isa = PBXBuildFile; fileRef = 1877D73B1E62E9A4001E8E11 /* Comrade.framework */; };
		1877D74A1E62E9A4001E8E11 /* ComradeTests.swift in Sources */ = {isa = PBXBuildFile; fileRef = 1877D7491E62E9A4001E8E11 /* ComradeTests.swift */; };
		1877D74C1E62E9A4001E8E11 /* Comrade.h in Headers */ = {isa = PBXBuildFile; fileRef = 1877D73E1E62E9A4001E8E11 /* Comrade.h */; settings = {ATTRIBUTES = (Public, ); }; };
		18BEF58F1E62ED4D00C2B63A /* Comrade.swift in Sources */ = {isa = PBXBuildFile; fileRef = 18BEF58E1E62ED4D00C2B63A /* Comrade.swift */; };
		2117532D1E75640D00D7A62F /* CPUDataCollector.swift in Sources */ = {isa = PBXBuildFile; fileRef = 2117532C1E75640D00D7A62F /* CPUDataCollector.swift */; };
		211753311E75642700D7A62F /* CPUDataChunk.swift in Sources */ = {isa = PBXBuildFile; fileRef = 211753301E75642700D7A62F /* CPUDataChunk.swift */; };
		211753331E7568CA00D7A62F /* CPUDataCollectorSpec.swift in Sources */ = {isa = PBXBuildFile; fileRef = 211753321E7568CA00D7A62F /* CPUDataCollectorSpec.swift */; };
		21EC11B71E7572EF004DF56C /* LocalMemoryDataStorage.swift in Sources */ = {isa = PBXBuildFile; fileRef = 21EC11B61E7572EF004DF56C /* LocalMemoryDataStorage.swift */; };
		611AB8E95D380ED4ED1CE5E9 /* Pods_Comrade.framework in Frameworks */ = {isa = PBXBuildFile; fileRef = 5F7AA7FBE9ACEEC01209E0D6 /* Pods_Comrade.framework */; };
		66F8CB6B849732E672E6305D /* Pods_ComradeTests.framework in Frameworks */ = {isa = PBXBuildFile; fileRef = 6D8B8FFFC38A4D389874274B /* Pods_ComradeTests.framework */; };
/* End PBXBuildFile section */

/* Begin PBXContainerItemProxy section */
		1877D7461E62E9A4001E8E11 /* PBXContainerItemProxy */ = {
			isa = PBXContainerItemProxy;
			containerPortal = 1877D7321E62E9A4001E8E11 /* Project object */;
			proxyType = 1;
			remoteGlobalIDString = 1877D73A1E62E9A4001E8E11;
			remoteInfo = Comrade;
		};
/* End PBXContainerItemProxy section */

/* Begin PBXFileReference section */
		184400721E64A81800D13136 /* DataCollector.swift */ = {isa = PBXFileReference; fileEncoding = 4; lastKnownFileType = sourcecode.swift; path = DataCollector.swift; sourceTree = "<group>"; };
		184400741E64A82F00D13136 /* DataStorage.swift */ = {isa = PBXFileReference; fileEncoding = 4; lastKnownFileType = sourcecode.swift; path = DataStorage.swift; sourceTree = "<group>"; };
		184400781E64AA2B00D13136 /* DataChunk.swift */ = {isa = PBXFileReference; fileEncoding = 4; lastKnownFileType = sourcecode.swift; path = DataChunk.swift; sourceTree = "<group>"; };
		1844007A1E64AA4A00D13136 /* ComradeSpec.swift */ = {isa = PBXFileReference; fileEncoding = 4; lastKnownFileType = sourcecode.swift; path = ComradeSpec.swift; sourceTree = "<group>"; };
		1844007C1E64AB1000D13136 /* TestDataCollector.swift */ = {isa = PBXFileReference; fileEncoding = 4; lastKnownFileType = sourcecode.swift; path = TestDataCollector.swift; sourceTree = "<group>"; };
		1844007E1E64AB1C00D13136 /* TestDataStorage.swift */ = {isa = PBXFileReference; fileEncoding = 4; lastKnownFileType = sourcecode.swift; path = TestDataStorage.swift; sourceTree = "<group>"; };
		184400801E64AB6100D13136 /* TestDataChunk.swift */ = {isa = PBXFileReference; fileEncoding = 4; lastKnownFileType = sourcecode.swift; path = TestDataChunk.swift; sourceTree = "<group>"; };
		184400821E64C4F000D13136 /* ComradeClojure.swift */ = {isa = PBXFileReference; fileEncoding = 4; lastKnownFileType = sourcecode.swift; path = ComradeClojure.swift; sourceTree = "<group>"; };
		1877D73B1E62E9A4001E8E11 /* Comrade.framework */ = {isa = PBXFileReference; explicitFileType = wrapper.framework; includeInIndex = 0; path = Comrade.framework; sourceTree = BUILT_PRODUCTS_DIR; };
		1877D73E1E62E9A4001E8E11 /* Comrade.h */ = {isa = PBXFileReference; lastKnownFileType = sourcecode.c.h; path = Comrade.h; sourceTree = "<group>"; };
		1877D7441E62E9A4001E8E11 /* ComradeTests.xctest */ = {isa = PBXFileReference; explicitFileType = wrapper.cfbundle; includeInIndex = 0; path = ComradeTests.xctest; sourceTree = BUILT_PRODUCTS_DIR; };
		1877D7491E62E9A4001E8E11 /* ComradeTests.swift */ = {isa = PBXFileReference; lastKnownFileType = sourcecode.swift; path = ComradeTests.swift; sourceTree = "<group>"; };
		1877D74B1E62E9A4001E8E11 /* Info.plist */ = {isa = PBXFileReference; lastKnownFileType = text.plist.xml; path = Info.plist; sourceTree = "<group>"; };
		18BEF5881E62EC6800C2B63A /* Info.plist */ = {isa = PBXFileReference; fileEncoding = 4; lastKnownFileType = text.plist.xml; path = Info.plist; sourceTree = "<group>"; };
		18BEF58E1E62ED4D00C2B63A /* Comrade.swift */ = {isa = PBXFileReference; fileEncoding = 4; lastKnownFileType = sourcecode.swift; path = Comrade.swift; sourceTree = "<group>"; };
		2117532C1E75640D00D7A62F /* CPUDataCollector.swift */ = {isa = PBXFileReference; fileEncoding = 4; lastKnownFileType = sourcecode.swift; path = CPUDataCollector.swift; sourceTree = "<group>"; };
		211753301E75642700D7A62F /* CPUDataChunk.swift */ = {isa = PBXFileReference; fileEncoding = 4; lastKnownFileType = sourcecode.swift; path = CPUDataChunk.swift; sourceTree = "<group>"; };
		211753321E7568CA00D7A62F /* CPUDataCollectorSpec.swift */ = {isa = PBXFileReference; fileEncoding = 4; lastKnownFileType = sourcecode.swift; path = CPUDataCollectorSpec.swift; sourceTree = "<group>"; };
		21EC11B61E7572EF004DF56C /* LocalMemoryDataStorage.swift */ = {isa = PBXFileReference; fileEncoding = 4; lastKnownFileType = sourcecode.swift; path = LocalMemoryDataStorage.swift; sourceTree = "<group>"; };
		5F7AA7FBE9ACEEC01209E0D6 /* Pods_Comrade.framework */ = {isa = PBXFileReference; explicitFileType = wrapper.framework; includeInIndex = 0; path = Pods_Comrade.framework; sourceTree = BUILT_PRODUCTS_DIR; };
		67C6FC715281CB2815AA15A0 /* Pods-Comrade.release.xcconfig */ = {isa = PBXFileReference; includeInIndex = 1; lastKnownFileType = text.xcconfig; name = "Pods-Comrade.release.xcconfig"; path = "Pods/Target Support Files/Pods-Comrade/Pods-Comrade.release.xcconfig"; sourceTree = "<group>"; };
		6D8B8FFFC38A4D389874274B /* Pods_ComradeTests.framework */ = {isa = PBXFileReference; explicitFileType = wrapper.framework; includeInIndex = 0; path = Pods_ComradeTests.framework; sourceTree = BUILT_PRODUCTS_DIR; };
		7AC51918B9E122DE76176932 /* Pods-Comrade.debug.xcconfig */ = {isa = PBXFileReference; includeInIndex = 1; lastKnownFileType = text.xcconfig; name = "Pods-Comrade.debug.xcconfig"; path = "Pods/Target Support Files/Pods-Comrade/Pods-Comrade.debug.xcconfig"; sourceTree = "<group>"; };
		876F0D6121F8EEFF3BBE4CB0 /* Pods-ComradeTests.debug.xcconfig */ = {isa = PBXFileReference; includeInIndex = 1; lastKnownFileType = text.xcconfig; name = "Pods-ComradeTests.debug.xcconfig"; path = "Pods/Target Support Files/Pods-ComradeTests/Pods-ComradeTests.debug.xcconfig"; sourceTree = "<group>"; };
		9088879C1C29AAF2C34C020F /* Pods-ComradeTests.release.xcconfig */ = {isa = PBXFileReference; includeInIndex = 1; lastKnownFileType = text.xcconfig; name = "Pods-ComradeTests.release.xcconfig"; path = "Pods/Target Support Files/Pods-ComradeTests/Pods-ComradeTests.release.xcconfig"; sourceTree = "<group>"; };
/* End PBXFileReference section */

/* Begin PBXFrameworksBuildPhase section */
		1877D7371E62E9A4001E8E11 /* Frameworks */ = {
			isa = PBXFrameworksBuildPhase;
			buildActionMask = 2147483647;
			files = (
				611AB8E95D380ED4ED1CE5E9 /* Pods_Comrade.framework in Frameworks */,
			);
			runOnlyForDeploymentPostprocessing = 0;
		};
		1877D7411E62E9A4001E8E11 /* Frameworks */ = {
			isa = PBXFrameworksBuildPhase;
			buildActionMask = 2147483647;
			files = (
				1877D7451E62E9A4001E8E11 /* Comrade.framework in Frameworks */,
				66F8CB6B849732E672E6305D /* Pods_ComradeTests.framework in Frameworks */,
			);
			runOnlyForDeploymentPostprocessing = 0;
		};
/* End PBXFrameworksBuildPhase section */

/* Begin PBXGroup section */
		184400761E64A90400D13136 /* Spec */ = {
			isa = PBXGroup;
			children = (
				184400771E64A90400D13136 /* Core */,
			);
			path = Spec;
			sourceTree = "<group>";
		};
		184400771E64A90400D13136 /* Core */ = {
			isa = PBXGroup;
			children = (
				1844007A1E64AA4A00D13136 /* ComradeSpec.swift */,
				1844007C1E64AB1000D13136 /* TestDataCollector.swift */,
				1844007E1E64AB1C00D13136 /* TestDataStorage.swift */,
				184400801E64AB6100D13136 /* TestDataChunk.swift */,
			);
			path = Core;
			sourceTree = "<group>";
		};
		1877D7311E62E9A4001E8E11 = {
			isa = PBXGroup;
			children = (
				1877D73D1E62E9A4001E8E11 /* Comrade */,
				1877D7481E62E9A4001E8E11 /* ComradeTests */,
				1877D73C1E62E9A4001E8E11 /* Products */,
				569F9E46C5BA0B25B09FB01E /* Pods */,
				2A39324D098965A4D6C3022B /* Frameworks */,
			);
			sourceTree = "<group>";
		};
		1877D73C1E62E9A4001E8E11 /* Products */ = {
			isa = PBXGroup;
			children = (
				1877D73B1E62E9A4001E8E11 /* Comrade.framework */,
				1877D7441E62E9A4001E8E11 /* ComradeTests.xctest */,
			);
			name = Products;
			sourceTree = "<group>";
		};
		1877D73D1E62E9A4001E8E11 /* Comrade */ = {
			isa = PBXGroup;
			children = (
				1877D73E1E62E9A4001E8E11 /* Comrade.h */,
				18BEF5891E62EC6800C2B63A /* Sources */,
				18BEF5871E62EC6800C2B63A /* Resources */,
			);
			path = Comrade;
			sourceTree = "<group>";
		};
		1877D7481E62E9A4001E8E11 /* ComradeTests */ = {
			isa = PBXGroup;
			children = (
				184400761E64A90400D13136 /* Spec */,
				1877D7491E62E9A4001E8E11 /* ComradeTests.swift */,
				2117532B1E7563FA00D7A62F /* CPUUsage */,
				1877D74B1E62E9A4001E8E11 /* Info.plist */,
			);
			path = ComradeTests;
			sourceTree = "<group>";
		};
		18BEF5871E62EC6800C2B63A /* Resources */ = {
			isa = PBXGroup;
			children = (
				18BEF5881E62EC6800C2B63A /* Info.plist */,
			);
			path = Resources;
			sourceTree = "<group>";
		};
		18BEF5891E62EC6800C2B63A /* Sources */ = {
			isa = PBXGroup;
			children = (
				18BEF58D1E62ED4D00C2B63A /* Core */,
				21EC11B51E7572EF004DF56C /* Data Storage */,
				2117532A1E75631A00D7A62F /* CPUUsage */,
			);
			path = Sources;
			sourceTree = "<group>";
		};
		18BEF58D1E62ED4D00C2B63A /* Core */ = {
			isa = PBXGroup;
			children = (
				18BEF58E1E62ED4D00C2B63A /* Comrade.swift */,
				184400821E64C4F000D13136 /* ComradeClojure.swift */,
				184400721E64A81800D13136 /* DataCollector.swift */,
				184400741E64A82F00D13136 /* DataStorage.swift */,
				184400781E64AA2B00D13136 /* DataChunk.swift */,
			);
			path = Core;
			sourceTree = "<group>";
		};
		2117532A1E75631A00D7A62F /* CPUUsage */ = {
			isa = PBXGroup;
			children = (
				2117532C1E75640D00D7A62F /* CPUDataCollector.swift */,
				211753301E75642700D7A62F /* CPUDataChunk.swift */,
			);
			path = CPUUsage;
			sourceTree = "<group>";
		};
		2117532B1E7563FA00D7A62F /* CPUUsage */ = {
			isa = PBXGroup;
			children = (
				211753321E7568CA00D7A62F /* CPUDataCollectorSpec.swift */,
			);
			name = CPUUsage;
			path = Spec/CPUUsage;
			sourceTree = "<group>";
		};
		21EC11B51E7572EF004DF56C /* Data Storage */ = {
			isa = PBXGroup;
			children = (
				21EC11B61E7572EF004DF56C /* LocalMemoryDataStorage.swift */,
			);
			path = "Data Storage";
			sourceTree = "<group>";
		};
		2A39324D098965A4D6C3022B /* Frameworks */ = {
			isa = PBXGroup;
			children = (
				5F7AA7FBE9ACEEC01209E0D6 /* Pods_Comrade.framework */,
				6D8B8FFFC38A4D389874274B /* Pods_ComradeTests.framework */,
			);
			name = Frameworks;
			sourceTree = "<group>";
		};
		569F9E46C5BA0B25B09FB01E /* Pods */ = {
			isa = PBXGroup;
			children = (
				7AC51918B9E122DE76176932 /* Pods-Comrade.debug.xcconfig */,
				67C6FC715281CB2815AA15A0 /* Pods-Comrade.release.xcconfig */,
				876F0D6121F8EEFF3BBE4CB0 /* Pods-ComradeTests.debug.xcconfig */,
				9088879C1C29AAF2C34C020F /* Pods-ComradeTests.release.xcconfig */,
			);
			name = Pods;
			sourceTree = "<group>";
		};
/* End PBXGroup section */

/* Begin PBXHeadersBuildPhase section */
		1877D7381E62E9A4001E8E11 /* Headers */ = {
			isa = PBXHeadersBuildPhase;
			buildActionMask = 2147483647;
			files = (
				1877D74C1E62E9A4001E8E11 /* Comrade.h in Headers */,
			);
			runOnlyForDeploymentPostprocessing = 0;
		};
/* End PBXHeadersBuildPhase section */

/* Begin PBXNativeTarget section */
		1877D73A1E62E9A4001E8E11 /* Comrade */ = {
			isa = PBXNativeTarget;
			buildConfigurationList = 1877D74F1E62E9A4001E8E11 /* Build configuration list for PBXNativeTarget "Comrade" */;
			buildPhases = (
				6ECF47645F02DB6E68E2F939 /* [CP] Check Pods Manifest.lock */,
				1877D7361E62E9A4001E8E11 /* Sources */,
				1877D7371E62E9A4001E8E11 /* Frameworks */,
				1877D7381E62E9A4001E8E11 /* Headers */,
				1877D7391E62E9A4001E8E11 /* Resources */,
				5518E0E98A8325DFA3D64130 /* [CP] Copy Pods Resources */,
			);
			buildRules = (
			);
			dependencies = (
			);
			name = Comrade;
			productName = Comrade;
			productReference = 1877D73B1E62E9A4001E8E11 /* Comrade.framework */;
			productType = "com.apple.product-type.framework";
		};
		1877D7431E62E9A4001E8E11 /* ComradeTests */ = {
			isa = PBXNativeTarget;
			buildConfigurationList = 1877D7521E62E9A4001E8E11 /* Build configuration list for PBXNativeTarget "ComradeTests" */;
			buildPhases = (
				3B6D22912B9E45974F737101 /* [CP] Check Pods Manifest.lock */,
				1877D7401E62E9A4001E8E11 /* Sources */,
				1877D7411E62E9A4001E8E11 /* Frameworks */,
				1877D7421E62E9A4001E8E11 /* Resources */,
				FA20FDE7C198F3A9C18EC076 /* [CP] Embed Pods Frameworks */,
				1C42395E8F22670E21C85FEB /* [CP] Copy Pods Resources */,
			);
			buildRules = (
			);
			dependencies = (
				1877D7471E62E9A4001E8E11 /* PBXTargetDependency */,
			);
			name = ComradeTests;
			productName = ComradeTests;
			productReference = 1877D7441E62E9A4001E8E11 /* ComradeTests.xctest */;
			productType = "com.apple.product-type.bundle.unit-test";
		};
/* End PBXNativeTarget section */

/* Begin PBXProject section */
		1877D7321E62E9A4001E8E11 /* Project object */ = {
			isa = PBXProject;
			attributes = {
				LastSwiftUpdateCheck = 0820;
				LastUpgradeCheck = 0820;
				ORGANIZATIONNAME = DogsField;
				TargetAttributes = {
					1877D73A1E62E9A4001E8E11 = {
						CreatedOnToolsVersion = 8.2.1;
						LastSwiftMigration = 0820;
						ProvisioningStyle = Automatic;
					};
					1877D7431E62E9A4001E8E11 = {
						CreatedOnToolsVersion = 8.2.1;
						ProvisioningStyle = Automatic;
					};
				};
			};
			buildConfigurationList = 1877D7351E62E9A4001E8E11 /* Build configuration list for PBXProject "Comrade" */;
			compatibilityVersion = "Xcode 3.2";
			developmentRegion = English;
			hasScannedForEncodings = 0;
			knownRegions = (
				en,
			);
			mainGroup = 1877D7311E62E9A4001E8E11;
			productRefGroup = 1877D73C1E62E9A4001E8E11 /* Products */;
			projectDirPath = "";
			projectRoot = "";
			targets = (
				1877D73A1E62E9A4001E8E11 /* Comrade */,
				1877D7431E62E9A4001E8E11 /* ComradeTests */,
			);
		};
/* End PBXProject section */

/* Begin PBXResourcesBuildPhase section */
		1877D7391E62E9A4001E8E11 /* Resources */ = {
			isa = PBXResourcesBuildPhase;
			buildActionMask = 2147483647;
			files = (
			);
			runOnlyForDeploymentPostprocessing = 0;
		};
		1877D7421E62E9A4001E8E11 /* Resources */ = {
			isa = PBXResourcesBuildPhase;
			buildActionMask = 2147483647;
			files = (
			);
			runOnlyForDeploymentPostprocessing = 0;
		};
/* End PBXResourcesBuildPhase section */

/* Begin PBXShellScriptBuildPhase section */
		1C42395E8F22670E21C85FEB /* [CP] Copy Pods Resources */ = {
			isa = PBXShellScriptBuildPhase;
			buildActionMask = 2147483647;
			files = (
			);
			inputPaths = (
			);
			name = "[CP] Copy Pods Resources";
			outputPaths = (
			);
			runOnlyForDeploymentPostprocessing = 0;
			shellPath = /bin/sh;
			shellScript = "\"${SRCROOT}/Pods/Target Support Files/Pods-ComradeTests/Pods-ComradeTests-resources.sh\"\n";
			showEnvVarsInLog = 0;
		};
		3B6D22912B9E45974F737101 /* [CP] Check Pods Manifest.lock */ = {
			isa = PBXShellScriptBuildPhase;
			buildActionMask = 2147483647;
			files = (
			);
			inputPaths = (
			);
			name = "[CP] Check Pods Manifest.lock";
			outputPaths = (
			);
			runOnlyForDeploymentPostprocessing = 0;
			shellPath = /bin/sh;
			shellScript = "diff \"${PODS_ROOT}/../Podfile.lock\" \"${PODS_ROOT}/Manifest.lock\" > /dev/null\nif [ $? != 0 ] ; then\n    # print error to STDERR\n    echo \"error: The sandbox is not in sync with the Podfile.lock. Run 'pod install' or update your CocoaPods installation.\" >&2\n    exit 1\nfi\n";
			showEnvVarsInLog = 0;
		};
		5518E0E98A8325DFA3D64130 /* [CP] Copy Pods Resources */ = {
			isa = PBXShellScriptBuildPhase;
			buildActionMask = 2147483647;
			files = (
			);
			inputPaths = (
			);
			name = "[CP] Copy Pods Resources";
			outputPaths = (
			);
			runOnlyForDeploymentPostprocessing = 0;
			shellPath = /bin/sh;
			shellScript = "\"${SRCROOT}/Pods/Target Support Files/Pods-Comrade/Pods-Comrade-resources.sh\"\n";
			showEnvVarsInLog = 0;
		};
		6ECF47645F02DB6E68E2F939 /* [CP] Check Pods Manifest.lock */ = {
			isa = PBXShellScriptBuildPhase;
			buildActionMask = 2147483647;
			files = (
			);
			inputPaths = (
			);
			name = "[CP] Check Pods Manifest.lock";
			outputPaths = (
			);
			runOnlyForDeploymentPostprocessing = 0;
			shellPath = /bin/sh;
			shellScript = "diff \"${PODS_ROOT}/../Podfile.lock\" \"${PODS_ROOT}/Manifest.lock\" > /dev/null\nif [ $? != 0 ] ; then\n    # print error to STDERR\n    echo \"error: The sandbox is not in sync with the Podfile.lock. Run 'pod install' or update your CocoaPods installation.\" >&2\n    exit 1\nfi\n";
			showEnvVarsInLog = 0;
		};
		FA20FDE7C198F3A9C18EC076 /* [CP] Embed Pods Frameworks */ = {
			isa = PBXShellScriptBuildPhase;
			buildActionMask = 2147483647;
			files = (
			);
			inputPaths = (
			);
			name = "[CP] Embed Pods Frameworks";
			outputPaths = (
			);
			runOnlyForDeploymentPostprocessing = 0;
			shellPath = /bin/sh;
			shellScript = "\"${SRCROOT}/Pods/Target Support Files/Pods-ComradeTests/Pods-ComradeTests-frameworks.sh\"\n";
			showEnvVarsInLog = 0;
		};
/* End PBXShellScriptBuildPhase section */

/* Begin PBXSourcesBuildPhase section */
		1877D7361E62E9A4001E8E11 /* Sources */ = {
			isa = PBXSourcesBuildPhase;
			buildActionMask = 2147483647;
			files = (
				211753311E75642700D7A62F /* CPUDataChunk.swift in Sources */,
				2117532D1E75640D00D7A62F /* CPUDataCollector.swift in Sources */,
				21EC11B71E7572EF004DF56C /* LocalMemoryDataStorage.swift in Sources */,
				184400791E64AA2B00D13136 /* DataChunk.swift in Sources */,
				184400751E64A82F00D13136 /* DataStorage.swift in Sources */,
				184400831E64C4F000D13136 /* ComradeClojure.swift in Sources */,
				18BEF58F1E62ED4D00C2B63A /* Comrade.swift in Sources */,
				184400731E64A81800D13136 /* DataCollector.swift in Sources */,
			);
			runOnlyForDeploymentPostprocessing = 0;
		};
		1877D7401E62E9A4001E8E11 /* Sources */ = {
			isa = PBXSourcesBuildPhase;
			buildActionMask = 2147483647;
			files = (
				1844007B1E64AA4A00D13136 /* ComradeSpec.swift in Sources */,
				211753331E7568CA00D7A62F /* CPUDataCollectorSpec.swift in Sources */,
				184400811E64AB6100D13136 /* TestDataChunk.swift in Sources */,
				1877D74A1E62E9A4001E8E11 /* ComradeTests.swift in Sources */,
				1844007D1E64AB1000D13136 /* TestDataCollector.swift in Sources */,
				1844007F1E64AB1C00D13136 /* TestDataStorage.swift in Sources */,
			);
			runOnlyForDeploymentPostprocessing = 0;
		};
/* End PBXSourcesBuildPhase section */

/* Begin PBXTargetDependency section */
		1877D7471E62E9A4001E8E11 /* PBXTargetDependency */ = {
			isa = PBXTargetDependency;
			target = 1877D73A1E62E9A4001E8E11 /* Comrade */;
			targetProxy = 1877D7461E62E9A4001E8E11 /* PBXContainerItemProxy */;
		};
/* End PBXTargetDependency section */

/* Begin XCBuildConfiguration section */
		1877D74D1E62E9A4001E8E11 /* Debug */ = {
			isa = XCBuildConfiguration;
			buildSettings = {
				ALWAYS_SEARCH_USER_PATHS = NO;
				CLANG_ANALYZER_NONNULL = YES;
				CLANG_CXX_LANGUAGE_STANDARD = "gnu++0x";
				CLANG_CXX_LIBRARY = "libc++";
				CLANG_ENABLE_MODULES = YES;
				CLANG_ENABLE_OBJC_ARC = YES;
				CLANG_WARN_BOOL_CONVERSION = YES;
				CLANG_WARN_CONSTANT_CONVERSION = YES;
				CLANG_WARN_DIRECT_OBJC_ISA_USAGE = YES_ERROR;
				CLANG_WARN_DOCUMENTATION_COMMENTS = YES;
				CLANG_WARN_EMPTY_BODY = YES;
				CLANG_WARN_ENUM_CONVERSION = YES;
				CLANG_WARN_INFINITE_RECURSION = YES;
				CLANG_WARN_INT_CONVERSION = YES;
				CLANG_WARN_OBJC_ROOT_CLASS = YES_ERROR;
				CLANG_WARN_SUSPICIOUS_MOVE = YES;
				CLANG_WARN_UNREACHABLE_CODE = YES;
				CLANG_WARN__DUPLICATE_METHOD_MATCH = YES;
				"CODE_SIGN_IDENTITY[sdk=iphoneos*]" = "iPhone Developer";
				COPY_PHASE_STRIP = NO;
				CURRENT_PROJECT_VERSION = 1;
				DEBUG_INFORMATION_FORMAT = dwarf;
				ENABLE_STRICT_OBJC_MSGSEND = YES;
				ENABLE_TESTABILITY = YES;
				GCC_C_LANGUAGE_STANDARD = gnu99;
				GCC_DYNAMIC_NO_PIC = NO;
				GCC_NO_COMMON_BLOCKS = YES;
				GCC_OPTIMIZATION_LEVEL = 0;
				GCC_PREPROCESSOR_DEFINITIONS = (
					"DEBUG=1",
					"$(inherited)",
				);
				GCC_WARN_64_TO_32_BIT_CONVERSION = YES;
				GCC_WARN_ABOUT_RETURN_TYPE = YES_ERROR;
				GCC_WARN_UNDECLARED_SELECTOR = YES;
				GCC_WARN_UNINITIALIZED_AUTOS = YES_AGGRESSIVE;
				GCC_WARN_UNUSED_FUNCTION = YES;
				GCC_WARN_UNUSED_VARIABLE = YES;
				IPHONEOS_DEPLOYMENT_TARGET = 10.2;
				MTL_ENABLE_DEBUG_INFO = YES;
				ONLY_ACTIVE_ARCH = YES;
				SDKROOT = iphoneos;
				SWIFT_ACTIVE_COMPILATION_CONDITIONS = DEBUG;
				SWIFT_OPTIMIZATION_LEVEL = "-Onone";
				TARGETED_DEVICE_FAMILY = "1,2";
				VERSIONING_SYSTEM = "apple-generic";
				VERSION_INFO_PREFIX = "";
			};
			name = Debug;
		};
		1877D74E1E62E9A4001E8E11 /* Release */ = {
			isa = XCBuildConfiguration;
			buildSettings = {
				ALWAYS_SEARCH_USER_PATHS = NO;
				CLANG_ANALYZER_NONNULL = YES;
				CLANG_CXX_LANGUAGE_STANDARD = "gnu++0x";
				CLANG_CXX_LIBRARY = "libc++";
				CLANG_ENABLE_MODULES = YES;
				CLANG_ENABLE_OBJC_ARC = YES;
				CLANG_WARN_BOOL_CONVERSION = YES;
				CLANG_WARN_CONSTANT_CONVERSION = YES;
				CLANG_WARN_DIRECT_OBJC_ISA_USAGE = YES_ERROR;
				CLANG_WARN_DOCUMENTATION_COMMENTS = YES;
				CLANG_WARN_EMPTY_BODY = YES;
				CLANG_WARN_ENUM_CONVERSION = YES;
				CLANG_WARN_INFINITE_RECURSION = YES;
				CLANG_WARN_INT_CONVERSION = YES;
				CLANG_WARN_OBJC_ROOT_CLASS = YES_ERROR;
				CLANG_WARN_SUSPICIOUS_MOVE = YES;
				CLANG_WARN_UNREACHABLE_CODE = YES;
				CLANG_WARN__DUPLICATE_METHOD_MATCH = YES;
				"CODE_SIGN_IDENTITY[sdk=iphoneos*]" = "iPhone Developer";
				COPY_PHASE_STRIP = NO;
				CURRENT_PROJECT_VERSION = 1;
				DEBUG_INFORMATION_FORMAT = "dwarf-with-dsym";
				ENABLE_NS_ASSERTIONS = NO;
				ENABLE_STRICT_OBJC_MSGSEND = YES;
				GCC_C_LANGUAGE_STANDARD = gnu99;
				GCC_NO_COMMON_BLOCKS = YES;
				GCC_WARN_64_TO_32_BIT_CONVERSION = YES;
				GCC_WARN_ABOUT_RETURN_TYPE = YES_ERROR;
				GCC_WARN_UNDECLARED_SELECTOR = YES;
				GCC_WARN_UNINITIALIZED_AUTOS = YES_AGGRESSIVE;
				GCC_WARN_UNUSED_FUNCTION = YES;
				GCC_WARN_UNUSED_VARIABLE = YES;
				IPHONEOS_DEPLOYMENT_TARGET = 10.2;
				MTL_ENABLE_DEBUG_INFO = NO;
				SDKROOT = iphoneos;
				SWIFT_OPTIMIZATION_LEVEL = "-Owholemodule";
				TARGETED_DEVICE_FAMILY = "1,2";
				VALIDATE_PRODUCT = YES;
				VERSIONING_SYSTEM = "apple-generic";
				VERSION_INFO_PREFIX = "";
			};
			name = Release;
		};
		1877D7501E62E9A4001E8E11 /* Debug */ = {
			isa = XCBuildConfiguration;
			baseConfigurationReference = 7AC51918B9E122DE76176932 /* Pods-Comrade.debug.xcconfig */;
			buildSettings = {
				CLANG_ENABLE_MODULES = YES;
				CODE_SIGN_IDENTITY = "";
				DEFINES_MODULE = YES;
				DYLIB_COMPATIBILITY_VERSION = 1;
				DYLIB_CURRENT_VERSION = 1;
				DYLIB_INSTALL_NAME_BASE = "@rpath";
				INFOPLIST_FILE = "$(SRCROOT)/Comrade/Resources/Info.plist";
				INSTALL_PATH = "$(LOCAL_LIBRARY_DIR)/Frameworks";
				IPHONEOS_DEPLOYMENT_TARGET = 8.0;
				LD_RUNPATH_SEARCH_PATHS = "$(inherited) @executable_path/Frameworks @loader_path/Frameworks";
				OTHER_SWIFT_FLAGS = "-Onone";
				PRODUCT_BUNDLE_IDENTIFIER = com.DogsField.Comrade;
				PRODUCT_NAME = "$(TARGET_NAME)";
				SKIP_INSTALL = YES;
				SWIFT_OPTIMIZATION_LEVEL = "-Owholemodule";
				SWIFT_VERSION = 3.0;
			};
			name = Debug;
		};
		1877D7511E62E9A4001E8E11 /* Release */ = {
			isa = XCBuildConfiguration;
			baseConfigurationReference = 67C6FC715281CB2815AA15A0 /* Pods-Comrade.release.xcconfig */;
			buildSettings = {
				CLANG_ENABLE_MODULES = YES;
				CODE_SIGN_IDENTITY = "";
				DEFINES_MODULE = YES;
				DYLIB_COMPATIBILITY_VERSION = 1;
				DYLIB_CURRENT_VERSION = 1;
				DYLIB_INSTALL_NAME_BASE = "@rpath";
				INFOPLIST_FILE = "$(SRCROOT)/Comrade/Resources/Info.plist";
				INSTALL_PATH = "$(LOCAL_LIBRARY_DIR)/Frameworks";
				IPHONEOS_DEPLOYMENT_TARGET = 8.0;
				LD_RUNPATH_SEARCH_PATHS = "$(inherited) @executable_path/Frameworks @loader_path/Frameworks";
				OTHER_SWIFT_FLAGS = "-Onone";
				PRODUCT_BUNDLE_IDENTIFIER = com.DogsField.Comrade;
				PRODUCT_NAME = "$(TARGET_NAME)";
				SKIP_INSTALL = YES;
				SWIFT_VERSION = 3.0;
			};
			name = Release;
		};
		1877D7531E62E9A4001E8E11 /* Debug */ = {
			isa = XCBuildConfiguration;
			baseConfigurationReference = 876F0D6121F8EEFF3BBE4CB0 /* Pods-ComradeTests.debug.xcconfig */;
			buildSettings = {
				ALWAYS_EMBED_SWIFT_STANDARD_LIBRARIES = YES;
				INFOPLIST_FILE = ComradeTests/Info.plist;
				LD_RUNPATH_SEARCH_PATHS = "$(inherited) @executable_path/Frameworks @loader_path/Frameworks";
				PRODUCT_BUNDLE_IDENTIFIER = com.DogsField.ComradeTests;
				PRODUCT_NAME = "$(TARGET_NAME)";
				SWIFT_VERSION = 3.0;
			};
			name = Debug;
		};
		1877D7541E62E9A4001E8E11 /* Release */ = {
			isa = XCBuildConfiguration;
			baseConfigurationReference = 9088879C1C29AAF2C34C020F /* Pods-ComradeTests.release.xcconfig */;
			buildSettings = {
				ALWAYS_EMBED_SWIFT_STANDARD_LIBRARIES = YES;
				INFOPLIST_FILE = ComradeTests/Info.plist;
				LD_RUNPATH_SEARCH_PATHS = "$(inherited) @executable_path/Frameworks @loader_path/Frameworks";
				PRODUCT_BUNDLE_IDENTIFIER = com.DogsField.ComradeTests;
				PRODUCT_NAME = "$(TARGET_NAME)";
				SWIFT_VERSION = 3.0;
			};
			name = Release;
		};
/* End XCBuildConfiguration section */

/* Begin XCConfigurationList section */
		1877D7351E62E9A4001E8E11 /* Build configuration list for PBXProject "Comrade" */ = {
			isa = XCConfigurationList;
			buildConfigurations = (
				1877D74D1E62E9A4001E8E11 /* Debug */,
				1877D74E1E62E9A4001E8E11 /* Release */,
			);
			defaultConfigurationIsVisible = 0;
			defaultConfigurationName = Release;
		};
		1877D74F1E62E9A4001E8E11 /* Build configuration list for PBXNativeTarget "Comrade" */ = {
			isa = XCConfigurationList;
			buildConfigurations = (
				1877D7501E62E9A4001E8E11 /* Debug */,
				1877D7511E62E9A4001E8E11 /* Release */,
			);
			defaultConfigurationIsVisible = 0;
			defaultConfigurationName = Release;
		};
		1877D7521E62E9A4001E8E11 /* Build configuration list for PBXNativeTarget "ComradeTests" */ = {
			isa = XCConfigurationList;
			buildConfigurations = (
				1877D7531E62E9A4001E8E11 /* Debug */,
				1877D7541E62E9A4001E8E11 /* Release */,
			);
			defaultConfigurationIsVisible = 0;
			defaultConfigurationName = Release;
		};
/* End XCConfigurationList section */
	};
	rootObject = 1877D7321E62E9A4001E8E11 /* Project object */;
}
